
Microsoft Visual Studio Solution File, Format Version 12.00
# Visual Studio Version 16
VisualStudioVersion = 16.0.31729.503
MinimumVisualStudioVersion = 10.0.40219.1
Project("{FAE04EC0-301F-11D3-BF4B-00C04F79EFBC}") = "adotask1", "adotask1\adotask1.csproj", "{36EF176B-BD3A-4E90-A4D3-9157399ED5AE}"
EndProject
Global
	GlobalSection(SolutionConfigurationPlatforms) = preSolution
		Debug|Any CPU = Debug|Any CPU
		Release|Any CPU = Release|Any CPU
	EndGlobalSection
	GlobalSection(ProjectConfigurationPlatforms) = postSolution
		{36EF176B-BD3A-4E90-A4D3-9157399ED5AE}.Debug|Any CPU.ActiveCfg = Debug|Any CPU
		{36EF176B-BD3A-4E90-A4D3-9157399ED5AE}.Debug|Any CPU.Build.0 = Debug|Any CPU
		{36EF176B-BD3A-4E90-A4D3-9157399ED5AE}.Release|Any CPU.ActiveCfg = Release|Any CPU
		{36EF176B-BD3A-4E90-A4D3-9157399ED5AE}.Release|Any CPU.Build.0 = Release|Any CPU
	EndGlobalSection
	GlobalSection(SolutionProperties) = preSolution
		HideSolutionNode = FALSE
	EndGlobalSection
	GlobalSection(ExtensibilityGlobals) = postSolution
		SolutionGuid = {95DB52A0-2718-44CA-942C-D904C00E86D9}
	EndGlobalSection
EndGlobal
